{
  "name": "infodispositivos",
  "version": "1.0.0",
  "lockfileVersion": 1,
  "requires": true,
  "dependencies": {
    "ask-sdk-core": {
      "version": "2.9.0",
      "resolved": "https://registry.npmjs.org/ask-sdk-core/-/ask-sdk-core-2.9.0.tgz",
      "integrity": "sha512-qTD8CuCp2ymb92neEztImLiVlWp5Os/reiPjBXJJyhUNBX2vP1lFbgp+oawjF6cYqF/W/FIajd/UddbiKJ+vMw==",
      "requires": {
        "ask-sdk-runtime": "^2.8.0"
      }
    },
    "ask-sdk-model": {
      "version": "1.32.0",
      "resolved": "https://registry.npmjs.org/ask-sdk-model/-/ask-sdk-model-1.32.0.tgz",
      "integrity": "sha512-FsPMiOVlHnKVpYCe4gShgj7xezdWDFMo27Ur3KK7Ep1FwhucSojYQoIWdz8VVoBf3z1AlRwBlkK7Fd5dOsOBZw=="
    },
    "ask-sdk-runtime": {
      "version": "2.8.0",
      "resolved": "https://registry.npmjs.org/ask-sdk-runtime/-/ask-sdk-runtime-2.8.0.tgz",
      "integrity": "sha512-hsVDcFKcbuj2H7MuAUlW0RBCTF8QOXfVCsrWSIgV2ABi8+PyI0zGUe8TdkQOGsPrDAv1PIzOS42QYqxWwPsp2g=="
    },
    "aws4": {
      "version": "1.10.1",
      "resolved": "https://registry.npmjs.org/aws4/-/aws4-1.10.1.tgz",
      "integrity": "sha512-zg7Hz2k5lI8kb7U32998pRRFin7zJlkfezGJjUc2heaD4Pw2wObakCDVzkKztTm/Ln7eiVvYsjqak0Ed4LkMDA=="
    },
    "https": {
      "version": "1.0.0",
      "resolved": "https://registry.npmjs.org/https/-/https-1.0.0.tgz",
      "integrity": "sha1-PDfHrhqO65ZpBKKtHpdaGUt+06Q="
    },
    "i18next": {
      "version": "10.6.0",
      "resolved": "https://registry.npmjs.org/i18next/-/i18next-10.6.0.tgz",
      "integrity": "sha1-kP/Z+bxhfzS5oS4DcmD1JERfdoQ="
    },
    "i18next-sprintf-postprocessor": {
      "version": "0.2.2",
      "resolved": "https://registry.npmjs.org/i18next-sprintf-postprocessor/-/i18next-sprintf-postprocessor-0.2.2.tgz",
      "integrity": "sha1-LkCfEENXk4Jpi2otpwzapVHWfqQ="
    },
    "q": {
      "version": "1.5.1",
      "resolved": "https://registry.npmjs.org/q/-/q-1.5.1.tgz",
      "integrity": "sha1-fjL3W0E4EpHQRhHxvxQQmsAGUdc="
    },
    "strftime": {
      "version": "0.10.0",
      "resolved": "https://registry.npmjs.org/strftime/-/strftime-0.10.0.tgz",
      "integrity": "sha1-s/D6QZKVICpaKJ9ta+n0kJphcZM="
    },
    "uuid": {
      "version": "3.4.0",
      "resolved": "https://registry.npmjs.org/uuid/-/uuid-3.4.0.tgz",
      "integrity": "sha512-HjSDRw6gZE5JMggctHBcjVak08+KEVhSIiDzFnT9S9aegmp85S/bReBVTb4QTFaRNptJ9kuYaNhnbNEOkbKb/A=="
    }
  }
}
